
Microsoft Visual Studio Solution File, Format Version 12.00
# Visual Studio Version 17
VisualStudioVersion = 17.12.35707.178 d17.12
MinimumVisualStudioVersion = 10.0.40219.1
Project("{FAE04EC0-301F-11D3-BF4B-00C04F79EFBC}") = "Entities", "Entities\Entities.csproj", "{BC1507F9-5354-4C47-9EA7-EE10AD2B1E45}"
EndProject
Project("{FAE04EC0-301F-11D3-BF4B-00C04F79EFBC}") = "UseCases", "UseCases\UseCases.csproj", "{E5BA0515-48C2-4668-80AA-A8D131FE1A3E}"
EndProject
Project("{FAE04EC0-301F-11D3-BF4B-00C04F79EFBC}") = "Infrastructure", "Infrastructure\Infrastructure.csproj", "{740B65BB-6CC3-449E-8A46-79D1632A5C90}"
EndProject
Project("{FAE04EC0-301F-11D3-BF4B-00C04F79EFBC}") = "ToDoList", "ToDoList\ToDoList.csproj", "{689D17AE-1371-4557-9DB7-8121F011C2B6}"
EndProject
Project("{FAE04EC0-301F-11D3-BF4B-00C04F79EFBC}") = "TestProject", "TestProject\TestProject.csproj", "{14770897-3D3F-414A-B5AD-73FEEDB58CA3}"
EndProject
Global
	GlobalSection(SolutionConfigurationPlatforms) = preSolution
		Debug|Any CPU = Debug|Any CPU
		Release|Any CPU = Release|Any CPU
	EndGlobalSection
	GlobalSection(ProjectConfigurationPlatforms) = postSolution
		{BC1507F9-5354-4C47-9EA7-EE10AD2B1E45}.Debug|Any CPU.ActiveCfg = Debug|Any CPU
		{BC1507F9-5354-4C47-9EA7-EE10AD2B1E45}.Debug|Any CPU.Build.0 = Debug|Any CPU
		{BC1507F9-5354-4C47-9EA7-EE10AD2B1E45}.Release|Any CPU.ActiveCfg = Release|Any CPU
		{BC1507F9-5354-4C47-9EA7-EE10AD2B1E45}.Release|Any CPU.Build.0 = Release|Any CPU
		{E5BA0515-48C2-4668-80AA-A8D131FE1A3E}.Debug|Any CPU.ActiveCfg = Debug|Any CPU
		{E5BA0515-48C2-4668-80AA-A8D131FE1A3E}.Debug|Any CPU.Build.0 = Debug|Any CPU
		{E5BA0515-48C2-4668-80AA-A8D131FE1A3E}.Release|Any CPU.ActiveCfg = Release|Any CPU
		{E5BA0515-48C2-4668-80AA-A8D131FE1A3E}.Release|Any CPU.Build.0 = Release|Any CPU
		{740B65BB-6CC3-449E-8A46-79D1632A5C90}.Debug|Any CPU.ActiveCfg = Debug|Any CPU
		{740B65BB-6CC3-449E-8A46-79D1632A5C90}.Debug|Any CPU.Build.0 = Debug|Any CPU
		{740B65BB-6CC3-449E-8A46-79D1632A5C90}.Release|Any CPU.ActiveCfg = Release|Any CPU
		{740B65BB-6CC3-449E-8A46-79D1632A5C90}.Release|Any CPU.Build.0 = Release|Any CPU
		{689D17AE-1371-4557-9DB7-8121F011C2B6}.Debug|Any CPU.ActiveCfg = Debug|Any CPU
		{689D17AE-1371-4557-9DB7-8121F011C2B6}.Debug|Any CPU.Build.0 = Debug|Any CPU
		{689D17AE-1371-4557-9DB7-8121F011C2B6}.Release|Any CPU.ActiveCfg = Release|Any CPU
		{689D17AE-1371-4557-9DB7-8121F011C2B6}.Release|Any CPU.Build.0 = Release|Any CPU
		{14770897-3D3F-414A-B5AD-73FEEDB58CA3}.Debug|Any CPU.ActiveCfg = Debug|Any CPU
		{14770897-3D3F-414A-B5AD-73FEEDB58CA3}.Debug|Any CPU.Build.0 = Debug|Any CPU
		{14770897-3D3F-414A-B5AD-73FEEDB58CA3}.Release|Any CPU.ActiveCfg = Release|Any CPU
		{14770897-3D3F-414A-B5AD-73FEEDB58CA3}.Release|Any CPU.Build.0 = Release|Any CPU
	EndGlobalSection
	GlobalSection(SolutionProperties) = preSolution
		HideSolutionNode = FALSE
	EndGlobalSection
EndGlobal
